{
  "name": "academia-zola-theme",
  "version": "1.0.0",
  "lockfileVersion": 3,
  "requires": true,
  "packages": {
    "": {
      "name": "academia-zola-theme",
      "version": "1.0.0",
      "devDependencies": {
        "temml": "^0.13.0"
      },
      "engines": {
        "node": ">=18.13.0"
      }
    },
    "node_modules/temml": {
      "version": "0.13.3",
      "resolved": "https://registry.npmjs.org/temml/-/temml-0.13.3.tgz",
      "integrity": "sha512-GLNEdf5qBWux3adbOxFus4jlds8nCdEIkkKq99m/4GGTfqnsjlVlK/i371Ux7yYSg/WNmOyAkNT/GJlZoJ0v+w==",
      "dev": true,
      "license": "MIT",
      "engines": {
        "node": ">=18.13.0"
      }
    }
  }
}
